// !$*UTF8*$!
{
	archiveVersion = 1;
	classes = {
	};
	objectVersion = 50;
	objects = {

/* Begin PBXBuildFile section */
		BD10F35926AE4D9C00B1D6DC /* AppDelegate.swift in Sources */ = {isa = PBXBuildFile; fileRef = BD10F35826AE4D9C00B1D6DC /* AppDelegate.swift */; };
		BD10F35B26AE4D9C00B1D6DC /* SceneDelegate.swift in Sources */ = {isa = PBXBuildFile; fileRef = BD10F35A26AE4D9C00B1D6DC /* SceneDelegate.swift */; };
		BD10F35D26AE4D9C00B1D6DC /* ViewController.swift in Sources */ = {isa = PBXBuildFile; fileRef = BD10F35C26AE4D9C00B1D6DC /* ViewController.swift */; };
		BD10F36026AE4D9C00B1D6DC /* Main.storyboard in Resources */ = {isa = PBXBuildFile; fileRef = BD10F35E26AE4D9C00B1D6DC /* Main.storyboard */; };
		BD10F36226AE4D9F00B1D6DC /* Assets.xcassets in Resources */ = {isa = PBXBuildFile; fileRef = BD10F36126AE4D9F00B1D6DC /* Assets.xcassets */; };
		BD10F36526AE4D9F00B1D6DC /* LaunchScreen.storyboard in Resources */ = {isa = PBXBuildFile; fileRef = BD10F36326AE4D9F00B1D6DC /* LaunchScreen.storyboard */; };
/* End PBXBuildFile section */

/* Begin PBXFileReference section */
		BD10F35526AE4D9C00B1D6DC /* AutoLayoutAnimation.app */ = {isa = PBXFileReference; explicitFileType = wrapper.application; includeInIndex = 0; path = AutoLayoutAnimation.app; sourceTree = BUILT_PRODUCTS_DIR; };
		BD10F35826AE4D9C00B1D6DC /* AppDelegate.swift */ = {isa = PBXFileReference; lastKnownFileType = sourcecode.swift; path = AppDelegate.swift; sourceTree = "<group>"; };
		BD10F35A26AE4D9C00B1D6DC /* SceneDelegate.swift */ = {isa = PBXFileReference; lastKnownFileType = sourcecode.swift; path = SceneDelegate.swift; sourceTree = "<group>"; };
		BD10F35C26AE4D9C00B1D6DC /* ViewController.swift */ = {isa = PBXFileReference; lastKnownFileType = sourcecode.swift; path = ViewController.swift; sourceTree = "<group>"; };
		BD10F35F26AE4D9C00B1D6DC /* Base */ = {isa = PBXFileReference; lastKnownFileType = file.storyboard; name = Base; path = Base.lproj/Main.storyboard; sourceTree = "<group>"; };
		BD10F36126AE4D9F00B1D6DC /* Assets.xcassets */ = {isa = PBXFileReference; lastKnownFileType = folder.assetcatalog; path = Assets.xcassets; sourceTree = "<group>"; };
		BD10F36426AE4D9F00B1D6DC /* Base */ = {isa = PBXFileReference; lastKnownFileType = file.storyboard; name = Base; path = Base.lproj/LaunchScreen.storyboard; sourceTree = "<group>"; };
		BD10F36626AE4D9F00B1D6DC /* Info.plist */ = {isa = PBXFileReference; lastKnownFileType = text.plist.xml; path = Info.plist; sourceTree = "<group>"; };
/* End PBXFileReference section */

/* Begin PBXFrameworksBuildPhase section */
		BD10F35226AE4D9C00B1D6DC /* Frameworks */ = {
			isa = PBXFrameworksBuildPhase;
			buildActionMask = 2147483647;
			files = (
			);
			runOnlyForDeploymentPostprocessing = 0;
		};
/* End PBXFrameworksBuildPhase section */

/* Begin PBXGroup section */
		BD10F34C26AE4D9C00B1D6DC = {
			isa = PBXGroup;
			children = (
				BD10F35726AE4D9C00B1D6DC /* AutoLayoutAnimation */,
				BD10F35626AE4D9C00B1D6DC /* Products */,
			);
			sourceTree = "<group>";
		};
		BD10F35626AE4D9C00B1D6DC /* Products */ = {
			isa = PBXGroup;
			children = (
				BD10F35526AE4D9C00B1D6DC /* AutoLayoutAnimation.app */,
			);
			name = Products;
			sourceTree = "<group>";
		};
		BD10F35726AE4D9C00B1D6DC /* AutoLayoutAnimation */ = {
			isa = PBXGroup;
			children = (
				BD10F35826AE4D9C00B1D6DC /* AppDelegate.swift */,
				BD10F35A26AE4D9C00B1D6DC /* SceneDelegate.swift */,
				BD10F35C26AE4D9C00B1D6DC /* ViewController.swift */,
				BD10F35E26AE4D9C00B1D6DC /* Main.storyboard */,
				BD10F36126AE4D9F00B1D6DC /* Assets.xcassets */,
				BD10F36326AE4D9F00B1D6DC /* LaunchScreen.storyboard */,
				BD10F36626AE4D9F00B1D6DC /* Info.plist */,
			);
			path = AutoLayoutAnimation;
			sourceTree = "<group>";
		};
/* End PBXGroup section */

/* Begin PBXNativeTarget section */
		BD10F35426AE4D9C00B1D6DC /* AutoLayoutAnimation */ = {
			isa = PBXNativeTarget;
			buildConfigurationList = BD10F36926AE4D9F00B1D6DC /* Build configuration list for PBXNativeTarget "AutoLayoutAnimation" */;
			buildPhases = (
				BD10F35126AE4D9C00B1D6DC /* Sources */,
				BD10F35226AE4D9C00B1D6DC /* Frameworks */,
				BD10F35326AE4D9C00B1D6DC /* Resources */,
			);
			buildRules = (
			);
			dependencies = (
			);
			name = AutoLayoutAnimation;
			productName = Sueaty;
			productReference = BD10F35526AE4D9C00B1D6DC /* AutoLayoutAnimation.app */;
			productType = "com.apple.product-type.application";
		};
/* End PBXNativeTarget section */

/* Begin PBXProject section */
		BD10F34D26AE4D9C00B1D6DC /* Project object */ = {
			isa = PBXProject;
			attributes = {
				LastSwiftUpdateCheck = 1250;
				LastUpgradeCheck = 1250;
				TargetAttributes = {
					BD10F35426AE4D9C00B1D6DC = {
						CreatedOnToolsVersion = 12.5.1;
					};
				};
			};
			buildConfigurationList = BD10F35026AE4D9C00B1D6DC /* Build configuration list for PBXProject "AutoLayoutAnimation" */;
			compatibilityVersion = "Xcode 9.3";
			developmentRegion = en;
			hasScannedForEncodings = 0;
			knownRegions = (
				en,
				Base,
			);
			mainGroup = BD10F34C26AE4D9C00B1D6DC;
			productRefGroup = BD10F35626AE4D9C00B1D6DC /* Products */;
			projectDirPath = "";
			projectRoot = "";
			targets = (
				BD10F35426AE4D9C00B1D6DC /* AutoLayoutAnimation */,
			);
		};
/* End PBXProject section */

/* Begin PBXResourcesBuildPhase section */
		BD10F35326AE4D9C00B1D6DC /* Resources */ = {
			isa = PBXResourcesBuildPhase;
			buildActionMask = 2147483647;
			files = (
				BD10F36526AE4D9F00B1D6DC /* LaunchScreen.storyboard in Resources */,
				BD10F36226AE4D9F00B1D6DC /* Assets.xcassets in Resources */,
				BD10F36026AE4D9C00B1D6DC /* Main.storyboard in Resources */,
			);
			runOnlyForDeploymentPostprocessing = 0;
		};
/* End PBXResourcesBuildPhase section */

/* Begin PBXSourcesBuildPhase section */
		BD10F35126AE4D9C00B1D6DC /* Sources */ = {
			isa = PBXSourcesBuildPhase;
			buildActionMask = 2147483647;
			files = (
				BD10F35D26AE4D9C00B1D6DC /* ViewController.swift in Sources */,
				BD10F35926AE4D9C00B1D6DC /* AppDelegate.swift in Sources */,
				BD10F35B26AE4D9C00B1D6DC /* SceneDelegate.swift in Sources */,
			);
			runOnlyForDeploymentPostprocessing = 0;
		};
/* End PBXSourcesBuildPhase section */

/* Begin PBXVariantGroup section */
		BD10F35E26AE4D9C00B1D6DC /* Main.storyboard */ = {
			isa = PBXVariantGroup;
			children = (
				BD10F35F26AE4D9C00B1D6DC /* Base */,
			);
			name = Main.storyboard;
			sourceTree = "<group>";
		};
		BD10F36326AE4D9F00B1D6DC /* LaunchScreen.storyboard */ = {
			isa = PBXVariantGroup;
			children = (
				BD10F36426AE4D9F00B1D6DC /* Base */,
			);
			name = LaunchScreen.storyboard;
			sourceTree = "<group>";
		};
/* End PBXVariantGroup section */

/* Begin XCBuildConfiguration section */
		BD10F36726AE4D9F00B1D6DC /* Debug */ = {
			isa = XCBuildConfiguration;
			buildSettings = {
				ALWAYS_SEARCH_USER_PATHS = NO;
				CLANG_ANALYZER_NONNULL = YES;
				CLANG_ANALYZER_NUMBER_OBJECT_CONVERSION = YES_AGGRESSIVE;
				CLANG_CXX_LANGUAGE_STANDARD = "gnu++14";
				CLANG_CXX_LIBRARY = "libc++";
				CLANG_ENABLE_MODULES = YES;
				CLANG_ENABLE_OBJC_ARC = YES;
				CLANG_ENABLE_OBJC_WEAK = YES;
				CLANG_WARN_BLOCK_CAPTURE_AUTORELEASING = YES;
				CLANG_WARN_BOOL_CONVERSION = YES;
				CLANG_WARN_COMMA = YES;
				CLANG_WARN_CONSTANT_CONVERSION = YES;
				CLANG_WARN_DEPRECATED_OBJC_IMPLEMENTATIONS = YES;
				CLANG_WARN_DIRECT_OBJC_ISA_USAGE = YES_ERROR;
				CLANG_WARN_DOCUMENTATION_COMMENTS = YES;
				CLANG_WARN_EMPTY_BODY = YES;
				CLANG_WARN_ENUM_CONVERSION = YES;
				CLANG_WARN_INFINITE_RECURSION = YES;
				CLANG_WARN_INT_CONVERSION = YES;
				CLANG_WARN_NON_LITERAL_NULL_CONVERSION = YES;
				CLANG_WARN_OBJC_IMPLICIT_RETAIN_SELF = YES;
				CLANG_WARN_OBJC_LITERAL_CONVERSION = YES;
				CLANG_WARN_OBJC_ROOT_CLASS = YES_ERROR;
				CLANG_WARN_QUOTED_INCLUDE_IN_FRAMEWORK_HEADER = YES;
				CLANG_WARN_RANGE_LOOP_ANALYSIS = YES;
				CLANG_WARN_STRICT_PROTOTYPES = YES;
				CLANG_WARN_SUSPICIOUS_MOVE = YES;
				CLANG_WARN_UNGUARDED_AVAILABILITY = YES_AGGRESSIVE;
				CLANG_WARN_UNREACHABLE_CODE = YES;
				CLANG_WARN__DUPLICATE_METHOD_MATCH = YES;
				COPY_PHASE_STRIP = NO;
				DEBUG_INFORMATION_FORMAT = dwarf;
				ENABLE_STRICT_OBJC_MSGSEND = YES;
				ENABLE_TESTABILITY = YES;
				GCC_C_LANGUAGE_STANDARD = gnu11;
				GCC_DYNAMIC_NO_PIC = NO;
				GCC_NO_COMMON_BLOCKS = YES;
				GCC_OPTIMIZATION_LEVEL = 0;
				GCC_PREPROCESSOR_DEFINITIONS = (
					"DEBUG=1",
					"$(inherited)",
				);
				GCC_WARN_64_TO_32_BIT_CONVERSION = YES;
				GCC_WARN_ABOUT_RETURN_TYPE = YES_ERROR;
				GCC_WARN_UNDECLARED_SELECTOR = YES;
				GCC_WARN_UNINITIALIZED_AUTOS = YES_AGGRESSIVE;
				GCC_WARN_UNUSED_FUNCTION = YES;
				GCC_WARN_UNUSED_VARIABLE = YES;
				IPHONEOS_DEPLOYMENT_TARGET = 14.5;
				MTL_ENABLE_DEBUG_INFO = INCLUDE_SOURCE;
				MTL_FAST_MATH = YES;
				ONLY_ACTIVE_ARCH = YES;
				SDKROOT = iphoneos;
				SWIFT_ACTIVE_COMPILATION_CONDITIONS = DEBUG;
				SWIFT_OPTIMIZATION_LEVEL = "-Onone";
			};
			name = Debug;
		};
		BD10F36826AE4D9F00B1D6DC /* Release */ = {
			isa = XCBuildConfiguration;
			buildSettings = {
				ALWAYS_SEARCH_USER_PATHS = NO;
				CLANG_ANALYZER_NONNULL = YES;
				CLANG_ANALYZER_NUMBER_OBJECT_CONVERSION = YES_AGGRESSIVE;
				CLANG_CXX_LANGUAGE_STANDARD = "gnu++14";
				CLANG_CXX_LIBRARY = "libc++";
				CLANG_ENABLE_MODULES = YES;
				CLANG_ENABLE_OBJC_ARC = YES;
				CLANG_ENABLE_OBJC_WEAK = YES;
				CLANG_WARN_BLOCK_CAPTURE_AUTORELEASING = YES;
				CLANG_WARN_BOOL_CONVERSION = YES;
				CLANG_WARN_COMMA = YES;
				CLANG_WARN_CONSTANT_CONVERSION = YES;
				CLANG_WARN_DEPRECATED_OBJC_IMPLEMENTATIONS = YES;
				CLANG_WARN_DIRECT_OBJC_ISA_USAGE = YES_ERROR;
				CLANG_WARN_DOCUMENTATION_COMMENTS = YES;
				CLANG_WARN_EMPTY_BODY = YES;
				CLANG_WARN_ENUM_CONVERSION = YES;
				CLANG_WARN_INFINITE_RECURSION = YES;
				CLANG_WARN_INT_CONVERSION = YES;
				CLANG_WARN_NON_LITERAL_NULL_CONVERSION = YES;
				CLANG_WARN_OBJC_IMPLICIT_RETAIN_SELF = YES;
				CLANG_WARN_OBJC_LITERAL_CONVERSION = YES;
				CLANG_WARN_OBJC_ROOT_CLASS = YES_ERROR;
				CLANG_WARN_QUOTED_INCLUDE_IN_FRAMEWORK_HEADER = YES;
				CLANG_WARN_RANGE_LOOP_ANALYSIS = YES;
				CLANG_WARN_STRICT_PROTOTYPES = YES;
				CLANG_WARN_SUSPICIOUS_MOVE = YES;
				CLANG_WARN_UNGUARDED_AVAILABILITY = YES_AGGRESSIVE;
				CLANG_WARN_UNREACHABLE_CODE = YES;
				CLANG_WARN__DUPLICATE_METHOD_MATCH = YES;
				COPY_PHASE_STRIP = NO;
				DEBUG_INFORMATION_FORMAT = "dwarf-with-dsym";
				ENABLE_NS_ASSERTIONS = NO;
				ENABLE_STRICT_OBJC_MSGSEND = YES;
				GCC_C_LANGUAGE_STANDARD = gnu11;
				GCC_NO_COMMON_BLOCKS = YES;
				GCC_WARN_64_TO_32_BIT_CONVERSION = YES;
				GCC_WARN_ABOUT_RETURN_TYPE = YES_ERROR;
				GCC_WARN_UNDECLARED_SELECTOR = YES;
				GCC_WARN_UNINITIALIZED_AUTOS = YES_AGGRESSIVE;
				GCC_WARN_UNUSED_FUNCTION = YES;
				GCC_WARN_UNUSED_VARIABLE = YES;
				IPHONEOS_DEPLOYMENT_TARGET = 14.5;
				MTL_ENABLE_DEBUG_INFO = NO;
				MTL_FAST_MATH = YES;
				SDKROOT = iphoneos;
				SWIFT_COMPILATION_MODE = wholemodule;
				SWIFT_OPTIMIZATION_LEVEL = "-O";
				VALIDATE_PRODUCT = YES;
			};
			name = Release;
		};
		BD10F36A26AE4D9F00B1D6DC /* Debug */ = {
			isa = XCBuildConfiguration;
			buildSettings = {
				ASSETCATALOG_COMPILER_GLOBAL_ACCENT_COLOR_NAME = AccentColor;
				CODE_SIGN_STYLE = Automatic;
				DEVELOPMENT_TEAM = BW2B9C7ASY;
				INFOPLIST_FILE = AutoLayoutAnimation/Info.plist;
				LD_RUNPATH_SEARCH_PATHS = (
					"$(inherited)",
					"@executable_path/Frameworks",
				);
				PRODUCT_BUNDLE_IDENTIFIER = com.felix.AutoLayoutAnimation;
				PRODUCT_NAME = "$(TARGET_NAME)";
				SWIFT_VERSION = 5.0;
				TARGETED_DEVICE_FAMILY = "1,2";
			};
			name = Debug;
		};
		BD10F36B26AE4D9F00B1D6DC /* Release */ = {
			isa = XCBuildConfiguration;
			buildSettings = {
				ASSETCATALOG_COMPILER_GLOBAL_ACCENT_COLOR_NAME = AccentColor;
				CODE_SIGN_STYLE = Automatic;
				DEVELOPMENT_TEAM = BW2B9C7ASY;
				INFOPLIST_FILE = AutoLayoutAnimation/Info.plist;
				LD_RUNPATH_SEARCH_PATHS = (
					"$(inherited)",
					"@executable_path/Frameworks",
				);
				PRODUCT_BUNDLE_IDENTIFIER = com.felix.AutoLayoutAnimation;
				PRODUCT_NAME = "$(TARGET_NAME)";
				SWIFT_VERSION = 5.0;
				TARGETED_DEVICE_FAMILY = "1,2";
			};
			name = Release;
		};
/* End XCBuildConfiguration section */

/* Begin XCConfigurationList section */
		BD10F35026AE4D9C00B1D6DC /* Build configuration list for PBXProject "AutoLayoutAnimation" */ = {
			isa = XCConfigurationList;
			buildConfigurations = (
				BD10F36726AE4D9F00B1D6DC /* Debug */,
				BD10F36826AE4D9F00B1D6DC /* Release */,
			);
			defaultConfigurationIsVisible = 0;
			defaultConfigurationName = Release;
		};
		BD10F36926AE4D9F00B1D6DC /* Build configuration list for PBXNativeTarget "AutoLayoutAnimation" */ = {
			isa = XCConfigurationList;
			buildConfigurations = (
				BD10F36A26AE4D9F00B1D6DC /* Debug */,
				BD10F36B26AE4D9F00B1D6DC /* Release */,
			);
			defaultConfigurationIsVisible = 0;
			defaultConfigurationName = Release;
		};
/* End XCConfigurationList section */
	};
	rootObject = BD10F34D26AE4D9C00B1D6DC /* Project object */;
}
